
Microsoft Visual Studio Solution File, Format Version 12.00
# Visual Studio Version 16
VisualStudioVersion = 16.0.33920.266
MinimumVisualStudioVersion = 10.0.40219.1
Project("{8BC9CEB8-8B4A-11D0-8D11-00A0C91BC942}") = "Week2_2", "Week2_2\Week2_2.vcxproj", "{3E4222CD-3CBA-460A-B03B-25D5737C32FF}"
EndProject
Global
	GlobalSection(SolutionConfigurationPlatforms) = preSolution
		Debug|x64 = Debug|x64
		Debug|x86 = Debug|x86
		Release|x64 = Release|x64
		Release|x86 = Release|x86
	EndGlobalSection
	GlobalSection(ProjectConfigurationPlatforms) = postSolution
		{3E4222CD-3CBA-460A-B03B-25D5737C32FF}.Debug|x64.ActiveCfg = Debug|x64
		{3E4222CD-3CBA-460A-B03B-25D5737C32FF}.Debug|x64.Build.0 = Debug|x64
		{3E4222CD-3CBA-460A-B03B-25D5737C32FF}.Debug|x86.ActiveCfg = Debug|Win32
		{3E4222CD-3CBA-460A-B03B-25D5737C32FF}.Debug|x86.Build.0 = Debug|Win32
		{3E4222CD-3CBA-460A-B03B-25D5737C32FF}.Release|x64.ActiveCfg = Release|x64
		{3E4222CD-3CBA-460A-B03B-25D5737C32FF}.Release|x64.Build.0 = Release|x64
		{3E4222CD-3CBA-460A-B03B-25D5737C32FF}.Release|x86.ActiveCfg = Release|Win32
		{3E4222CD-3CBA-460A-B03B-25D5737C32FF}.Release|x86.Build.0 = Release|Win32
	EndGlobalSection
	GlobalSection(SolutionProperties) = preSolution
		HideSolutionNode = FALSE
	EndGlobalSection
	GlobalSection(ExtensibilityGlobals) = postSolution
		SolutionGuid = {79717BD2-3545-46EE-A2D5-139D20EC370E}
	EndGlobalSection
EndGlobal
