
Microsoft Visual Studio Solution File, Format Version 12.00
# Visual Studio Version 17
VisualStudioVersion = 17.7.34202.233
MinimumVisualStudioVersion = 10.0.40219.1
Project("{8BC9CEB8-8B4A-11D0-8D11-00A0C91BC942}") = "Bonobono", "Bonobono\Bonobono.vcxproj", "{B370EDA6-CB81-416F-BFA7-4EB00AF54ACC}"
EndProject
Project("{8BC9CEB8-8B4A-11D0-8D11-00A0C91BC942}") = "Ryan", "Ryan\Ryan.vcxproj", "{002E214C-3A57-463A-8C0A-2B9D44110690}"
EndProject
Project("{8BC9CEB8-8B4A-11D0-8D11-00A0C91BC942}") = "Final", "Final\Final.vcxproj", "{A8044B65-26C5-4BC0-97F0-9DF1A4141F00}"
EndProject
Global
	GlobalSection(SolutionConfigurationPlatforms) = preSolution
		Debug|x64 = Debug|x64
		Debug|x86 = Debug|x86
		Release|x64 = Release|x64
		Release|x86 = Release|x86
	EndGlobalSection
	GlobalSection(ProjectConfigurationPlatforms) = postSolution
		{B370EDA6-CB81-416F-BFA7-4EB00AF54ACC}.Debug|x64.ActiveCfg = Debug|x64
		{B370EDA6-CB81-416F-BFA7-4EB00AF54ACC}.Debug|x64.Build.0 = Debug|x64
		{B370EDA6-CB81-416F-BFA7-4EB00AF54ACC}.Debug|x86.ActiveCfg = Debug|Win32
		{B370EDA6-CB81-416F-BFA7-4EB00AF54ACC}.Debug|x86.Build.0 = Debug|Win32
		{B370EDA6-CB81-416F-BFA7-4EB00AF54ACC}.Release|x64.ActiveCfg = Release|x64
		{B370EDA6-CB81-416F-BFA7-4EB00AF54ACC}.Release|x64.Build.0 = Release|x64
		{B370EDA6-CB81-416F-BFA7-4EB00AF54ACC}.Release|x86.ActiveCfg = Release|Win32
		{B370EDA6-CB81-416F-BFA7-4EB00AF54ACC}.Release|x86.Build.0 = Release|Win32
		{002E214C-3A57-463A-8C0A-2B9D44110690}.Debug|x64.ActiveCfg = Debug|x64
		{002E214C-3A57-463A-8C0A-2B9D44110690}.Debug|x64.Build.0 = Debug|x64
		{002E214C-3A57-463A-8C0A-2B9D44110690}.Debug|x86.ActiveCfg = Debug|Win32
		{002E214C-3A57-463A-8C0A-2B9D44110690}.Debug|x86.Build.0 = Debug|Win32
		{002E214C-3A57-463A-8C0A-2B9D44110690}.Release|x64.ActiveCfg = Release|x64
		{002E214C-3A57-463A-8C0A-2B9D44110690}.Release|x64.Build.0 = Release|x64
		{002E214C-3A57-463A-8C0A-2B9D44110690}.Release|x86.ActiveCfg = Release|Win32
		{002E214C-3A57-463A-8C0A-2B9D44110690}.Release|x86.Build.0 = Release|Win32
		{A8044B65-26C5-4BC0-97F0-9DF1A4141F00}.Debug|x64.ActiveCfg = Debug|x64
		{A8044B65-26C5-4BC0-97F0-9DF1A4141F00}.Debug|x64.Build.0 = Debug|x64
		{A8044B65-26C5-4BC0-97F0-9DF1A4141F00}.Debug|x86.ActiveCfg = Debug|Win32
		{A8044B65-26C5-4BC0-97F0-9DF1A4141F00}.Debug|x86.Build.0 = Debug|Win32
		{A8044B65-26C5-4BC0-97F0-9DF1A4141F00}.Release|x64.ActiveCfg = Release|x64
		{A8044B65-26C5-4BC0-97F0-9DF1A4141F00}.Release|x64.Build.0 = Release|x64
		{A8044B65-26C5-4BC0-97F0-9DF1A4141F00}.Release|x86.ActiveCfg = Release|Win32
		{A8044B65-26C5-4BC0-97F0-9DF1A4141F00}.Release|x86.Build.0 = Release|Win32
	EndGlobalSection
	GlobalSection(SolutionProperties) = preSolution
		HideSolutionNode = FALSE
	EndGlobalSection
	GlobalSection(ExtensibilityGlobals) = postSolution
		SolutionGuid = {29DAE163-0EA4-431E-80C5-994D0D642A9A}
	EndGlobalSection
EndGlobal
